
Microsoft Visual Studio Solution File, Format Version 12.00
# Visual Studio Version 17
VisualStudioVersion = 17.11.35222.181
MinimumVisualStudioVersion = 10.0.40219.1
Project("{911E67C6-3D85-4FCE-B560-20A9C3E3FF48}") = "dotnetproject", "dotnetproject\bin\Release\net8.0\dotnetproject.exe", "{44E02FA4-3341-4691-A7D6-105AF420DADE}"
	ProjectSection(DebuggerProjectSystem) = preProject
		PortSupplier = 00000000-0000-0000-0000-000000000000
		Executable = C:\Users\AVDInstall\source\repos\dotnetproject\dotnetproject\bin\Release\net8.0\dotnetproject.exe
		RemoteMachine = VM4
		StartingDirectory = C:\Users\AVDInstall\source\repos\dotnetproject\dotnetproject\bin\Release\net8.0
		Environment = Default
		LaunchingEngine = 00000000-0000-0000-0000-000000000000
		UseLegacyDebugEngines = No
		LaunchSQLEngine = No
		AttachLaunchAction = No
		IORedirection = Auto
	EndProjectSection
EndProject
Project("{9A19103F-16F7-4668-BE54-9A1E7A4F7556}") = "ConsoleApp1", "ConsoleApp1\ConsoleApp1.csproj", "{057F8A8A-0327-4CF5-B499-A666B3D13C84}"
EndProject
Global
	GlobalSection(SolutionConfigurationPlatforms) = preSolution
		Debug|Any CPU = Debug|Any CPU
		Release|Any CPU = Release|Any CPU
	EndGlobalSection
	GlobalSection(ProjectConfigurationPlatforms) = postSolution
		{44E02FA4-3341-4691-A7D6-105AF420DADE}.Debug|Any CPU.ActiveCfg = Release|x64
		{44E02FA4-3341-4691-A7D6-105AF420DADE}.Release|Any CPU.ActiveCfg = Release|x64
		{057F8A8A-0327-4CF5-B499-A666B3D13C84}.Debug|Any CPU.ActiveCfg = Debug|Any CPU
		{057F8A8A-0327-4CF5-B499-A666B3D13C84}.Debug|Any CPU.Build.0 = Debug|Any CPU
		{057F8A8A-0327-4CF5-B499-A666B3D13C84}.Release|Any CPU.ActiveCfg = Release|Any CPU
		{057F8A8A-0327-4CF5-B499-A666B3D13C84}.Release|Any CPU.Build.0 = Release|Any CPU
	EndGlobalSection
	GlobalSection(SolutionProperties) = preSolution
		HideSolutionNode = FALSE
	EndGlobalSection
	GlobalSection(ExtensibilityGlobals) = postSolution
		SolutionGuid = {70E1CEDD-80B0-49C4-AA96-6A7FF45EA913}
	EndGlobalSection
EndGlobal
